// !$*UTF8*$!
{
	archiveVersion = 1;
	classes = {
	};
	objectVersion = 46;
	objects = {

/* Begin PBXBuildFile section */
		02BB53EE1A84782500B196A2 /* AppDelegate.swift in Sources */ = {isa = PBXBuildFile; fileRef = 02BB53ED1A84782500B196A2 /* AppDelegate.swift */; };
		02BB53F01A84782500B196A2 /* ViewController.swift in Sources */ = {isa = PBXBuildFile; fileRef = 02BB53EF1A84782500B196A2 /* ViewController.swift */; };
		02BB53F31A84782500B196A2 /* Main.storyboard in Resources */ = {isa = PBXBuildFile; fileRef = 02BB53F11A84782500B196A2 /* Main.storyboard */; };
		02BB53F51A84782500B196A2 /* Images.xcassets in Resources */ = {isa = PBXBuildFile; fileRef = 02BB53F41A84782500B196A2 /* Images.xcassets */; };
		02BB53F81A84782500B196A2 /* LaunchScreen.xib in Resources */ = {isa = PBXBuildFile; fileRef = 02BB53F61A84782500B196A2 /* LaunchScreen.xib */; };
		02BB54041A84782500B196A2 /* CAAnimation_Closures_DemoTests.swift in Sources */ = {isa = PBXBuildFile; fileRef = 02BB54031A84782500B196A2 /* CAAnimation_Closures_DemoTests.swift */; };
		02CB757B1A8C73E0005AD1FF /* CAAnimation+Closure.swift in Sources */ = {isa = PBXBuildFile; fileRef = 02CB757A1A8C73E0005AD1FF /* CAAnimation+Closure.swift */; };
/* End PBXBuildFile section */

/* Begin PBXContainerItemProxy section */
		02BB53FE1A84782500B196A2 /* PBXContainerItemProxy */ = {
			isa = PBXContainerItemProxy;
			containerPortal = 02BB53E01A84782500B196A2 /* Project object */;
			proxyType = 1;
			remoteGlobalIDString = 02BB53E71A84782500B196A2;
			remoteInfo = "CAAnimation+Closures Demo";
		};
/* End PBXContainerItemProxy section */

/* Begin PBXFileReference section */
		02BB53E81A84782500B196A2 /* CAAnimation+Closures Demo.app */ = {isa = PBXFileReference; explicitFileType = wrapper.application; includeInIndex = 0; path = "CAAnimation+Closures Demo.app"; sourceTree = BUILT_PRODUCTS_DIR; };
		02BB53EC1A84782500B196A2 /* Info.plist */ = {isa = PBXFileReference; lastKnownFileType = text.plist.xml; path = Info.plist; sourceTree = "<group>"; };
		02BB53ED1A84782500B196A2 /* AppDelegate.swift */ = {isa = PBXFileReference; lastKnownFileType = sourcecode.swift; path = AppDelegate.swift; sourceTree = "<group>"; };
		02BB53EF1A84782500B196A2 /* ViewController.swift */ = {isa = PBXFileReference; lastKnownFileType = sourcecode.swift; path = ViewController.swift; sourceTree = "<group>"; };
		02BB53F21A84782500B196A2 /* Base */ = {isa = PBXFileReference; lastKnownFileType = file.storyboard; name = Base; path = Base.lproj/Main.storyboard; sourceTree = "<group>"; };
		02BB53F41A84782500B196A2 /* Images.xcassets */ = {isa = PBXFileReference; lastKnownFileType = folder.assetcatalog; path = Images.xcassets; sourceTree = "<group>"; };
		02BB53F71A84782500B196A2 /* Base */ = {isa = PBXFileReference; lastKnownFileType = file.xib; name = Base; path = Base.lproj/LaunchScreen.xib; sourceTree = "<group>"; };
		02BB53FD1A84782500B196A2 /* CAAnimation+Closures DemoTests.xctest */ = {isa = PBXFileReference; explicitFileType = wrapper.cfbundle; includeInIndex = 0; path = "CAAnimation+Closures DemoTests.xctest"; sourceTree = BUILT_PRODUCTS_DIR; };
		02BB54021A84782500B196A2 /* Info.plist */ = {isa = PBXFileReference; lastKnownFileType = text.plist.xml; path = Info.plist; sourceTree = "<group>"; };
		02BB54031A84782500B196A2 /* CAAnimation_Closures_DemoTests.swift */ = {isa = PBXFileReference; lastKnownFileType = sourcecode.swift; path = CAAnimation_Closures_DemoTests.swift; sourceTree = "<group>"; };
		02CB757A1A8C73E0005AD1FF /* CAAnimation+Closure.swift */ = {isa = PBXFileReference; fileEncoding = 4; lastKnownFileType = sourcecode.swift; name = "CAAnimation+Closure.swift"; path = "CAAnimation+Closure/CAAnimation+Closure.swift"; sourceTree = SOURCE_ROOT; };
/* End PBXFileReference section */

/* Begin PBXFrameworksBuildPhase section */
		02BB53E51A84782500B196A2 /* Frameworks */ = {
			isa = PBXFrameworksBuildPhase;
			buildActionMask = 2147483647;
			files = (
			);
			runOnlyForDeploymentPostprocessing = 0;
		};
		02BB53FA1A84782500B196A2 /* Frameworks */ = {
			isa = PBXFrameworksBuildPhase;
			buildActionMask = 2147483647;
			files = (
			);
			runOnlyForDeploymentPostprocessing = 0;
		};
/* End PBXFrameworksBuildPhase section */

/* Begin PBXGroup section */
		02BB53DF1A84782500B196A2 = {
			isa = PBXGroup;
			children = (
				02BB53EA1A84782500B196A2 /* CAAnimation+Closures Demo */,
				02BB54001A84782500B196A2 /* CAAnimation+Closures DemoTests */,
				02BB53E91A84782500B196A2 /* Products */,
			);
			sourceTree = "<group>";
		};
		02BB53E91A84782500B196A2 /* Products */ = {
			isa = PBXGroup;
			children = (
				02BB53E81A84782500B196A2 /* CAAnimation+Closures Demo.app */,
				02BB53FD1A84782500B196A2 /* CAAnimation+Closures DemoTests.xctest */,
			);
			name = Products;
			sourceTree = "<group>";
		};
		02BB53EA1A84782500B196A2 /* CAAnimation+Closures Demo */ = {
			isa = PBXGroup;
			children = (
				02CB757A1A8C73E0005AD1FF /* CAAnimation+Closure.swift */,
				02BB53ED1A84782500B196A2 /* AppDelegate.swift */,
				02BB53EF1A84782500B196A2 /* ViewController.swift */,
				02BB53F11A84782500B196A2 /* Main.storyboard */,
				02BB53F41A84782500B196A2 /* Images.xcassets */,
				02BB53F61A84782500B196A2 /* LaunchScreen.xib */,
				02BB53EB1A84782500B196A2 /* Supporting Files */,
			);
			path = "CAAnimation+Closures Demo";
			sourceTree = "<group>";
		};
		02BB53EB1A84782500B196A2 /* Supporting Files */ = {
			isa = PBXGroup;
			children = (
				02BB53EC1A84782500B196A2 /* Info.plist */,
			);
			name = "Supporting Files";
			sourceTree = "<group>";
		};
		02BB54001A84782500B196A2 /* CAAnimation+Closures DemoTests */ = {
			isa = PBXGroup;
			children = (
				02BB54031A84782500B196A2 /* CAAnimation_Closures_DemoTests.swift */,
				02BB54011A84782500B196A2 /* Supporting Files */,
			);
			path = "CAAnimation+Closures DemoTests";
			sourceTree = "<group>";
		};
		02BB54011A84782500B196A2 /* Supporting Files */ = {
			isa = PBXGroup;
			children = (
				02BB54021A84782500B196A2 /* Info.plist */,
			);
			name = "Supporting Files";
			sourceTree = "<group>";
		};
/* End PBXGroup section */

/* Begin PBXNativeTarget section */
		02BB53E71A84782500B196A2 /* CAAnimation+Closures Demo */ = {
			isa = PBXNativeTarget;
			buildConfigurationList = 02BB54071A84782500B196A2 /* Build configuration list for PBXNativeTarget "CAAnimation+Closures Demo" */;
			buildPhases = (
				02BB53E41A84782500B196A2 /* Sources */,
				02BB53E51A84782500B196A2 /* Frameworks */,
				02BB53E61A84782500B196A2 /* Resources */,
			);
			buildRules = (
			);
			dependencies = (
			);
			name = "CAAnimation+Closures Demo";
			productName = "CAAnimation+Closures Demo";
			productReference = 02BB53E81A84782500B196A2 /* CAAnimation+Closures Demo.app */;
			productType = "com.apple.product-type.application";
		};
		02BB53FC1A84782500B196A2 /* CAAnimation+Closures DemoTests */ = {
			isa = PBXNativeTarget;
			buildConfigurationList = 02BB540A1A84782500B196A2 /* Build configuration list for PBXNativeTarget "CAAnimation+Closures DemoTests" */;
			buildPhases = (
				02BB53F91A84782500B196A2 /* Sources */,
				02BB53FA1A84782500B196A2 /* Frameworks */,
				02BB53FB1A84782500B196A2 /* Resources */,
			);
			buildRules = (
			);
			dependencies = (
				02BB53FF1A84782500B196A2 /* PBXTargetDependency */,
			);
			name = "CAAnimation+Closures DemoTests";
			productName = "CAAnimation+Closures DemoTests";
			productReference = 02BB53FD1A84782500B196A2 /* CAAnimation+Closures DemoTests.xctest */;
			productType = "com.apple.product-type.bundle.unit-test";
		};
/* End PBXNativeTarget section */

/* Begin PBXProject section */
		02BB53E01A84782500B196A2 /* Project object */ = {
			isa = PBXProject;
			attributes = {
				LastUpgradeCheck = 0610;
				ORGANIZATIONNAME = "Honghao Zhang";
				TargetAttributes = {
					02BB53E71A84782500B196A2 = {
						CreatedOnToolsVersion = 6.1.1;
					};
					02BB53FC1A84782500B196A2 = {
						CreatedOnToolsVersion = 6.1.1;
						TestTargetID = 02BB53E71A84782500B196A2;
					};
				};
			};
			buildConfigurationList = 02BB53E31A84782500B196A2 /* Build configuration list for PBXProject "CAAnimation+Closures Demo" */;
			compatibilityVersion = "Xcode 3.2";
			developmentRegion = English;
			hasScannedForEncodings = 0;
			knownRegions = (
				en,
				Base,
			);
			mainGroup = 02BB53DF1A84782500B196A2;
			productRefGroup = 02BB53E91A84782500B196A2 /* Products */;
			projectDirPath = "";
			projectRoot = "";
			targets = (
				02BB53E71A84782500B196A2 /* CAAnimation+Closures Demo */,
				02BB53FC1A84782500B196A2 /* CAAnimation+Closures DemoTests */,
			);
		};
/* End PBXProject section */

/* Begin PBXResourcesBuildPhase section */
		02BB53E61A84782500B196A2 /* Resources */ = {
			isa = PBXResourcesBuildPhase;
			buildActionMask = 2147483647;
			files = (
				02BB53F31A84782500B196A2 /* Main.storyboard in Resources */,
				02BB53F81A84782500B196A2 /* LaunchScreen.xib in Resources */,
				02BB53F51A84782500B196A2 /* Images.xcassets in Resources */,
			);
			runOnlyForDeploymentPostprocessing = 0;
		};
		02BB53FB1A84782500B196A2 /* Resources */ = {
			isa = PBXResourcesBuildPhase;
			buildActionMask = 2147483647;
			files = (
			);
			runOnlyForDeploymentPostprocessing = 0;
		};
/* End PBXResourcesBuildPhase section */

/* Begin PBXSourcesBuildPhase section */
		02BB53E41A84782500B196A2 /* Sources */ = {
			isa = PBXSourcesBuildPhase;
			buildActionMask = 2147483647;
			files = (
				02BB53F01A84782500B196A2 /* ViewController.swift in Sources */,
				02BB53EE1A84782500B196A2 /* AppDelegate.swift in Sources */,
				02CB757B1A8C73E0005AD1FF /* CAAnimation+Closure.swift in Sources */,
			);
			runOnlyForDeploymentPostprocessing = 0;
		};
		02BB53F91A84782500B196A2 /* Sources */ = {
			isa = PBXSourcesBuildPhase;
			buildActionMask = 2147483647;
			files = (
				02BB54041A84782500B196A2 /* CAAnimation_Closures_DemoTests.swift in Sources */,
			);
			runOnlyForDeploymentPostprocessing = 0;
		};
/* End PBXSourcesBuildPhase section */

/* Begin PBXTargetDependency section */
		02BB53FF1A84782500B196A2 /* PBXTargetDependency */ = {
			isa = PBXTargetDependency;
			target = 02BB53E71A84782500B196A2 /* CAAnimation+Closures Demo */;
			targetProxy = 02BB53FE1A84782500B196A2 /* PBXContainerItemProxy */;
		};
/* End PBXTargetDependency section */

/* Begin PBXVariantGroup section */
		02BB53F11A84782500B196A2 /* Main.storyboard */ = {
			isa = PBXVariantGroup;
			children = (
				02BB53F21A84782500B196A2 /* Base */,
			);
			name = Main.storyboard;
			sourceTree = "<group>";
		};
		02BB53F61A84782500B196A2 /* LaunchScreen.xib */ = {
			isa = PBXVariantGroup;
			children = (
				02BB53F71A84782500B196A2 /* Base */,
			);
			name = LaunchScreen.xib;
			sourceTree = "<group>";
		};
/* End PBXVariantGroup section */

/* Begin XCBuildConfiguration section */
		02BB54051A84782500B196A2 /* Debug */ = {
			isa = XCBuildConfiguration;
			buildSettings = {
				ALWAYS_SEARCH_USER_PATHS = NO;
				CLANG_CXX_LANGUAGE_STANDARD = "gnu++0x";
				CLANG_CXX_LIBRARY = "libc++";
				CLANG_ENABLE_MODULES = YES;
				CLANG_ENABLE_OBJC_ARC = YES;
				CLANG_WARN_BOOL_CONVERSION = YES;
				CLANG_WARN_CONSTANT_CONVERSION = YES;
				CLANG_WARN_DIRECT_OBJC_ISA_USAGE = YES_ERROR;
				CLANG_WARN_EMPTY_BODY = YES;
				CLANG_WARN_ENUM_CONVERSION = YES;
				CLANG_WARN_INT_CONVERSION = YES;
				CLANG_WARN_OBJC_ROOT_CLASS = YES_ERROR;
				CLANG_WARN_UNREACHABLE_CODE = YES;
				CLANG_WARN__DUPLICATE_METHOD_MATCH = YES;
				"CODE_SIGN_IDENTITY[sdk=iphoneos*]" = "iPhone Developer";
				COPY_PHASE_STRIP = NO;
				ENABLE_STRICT_OBJC_MSGSEND = YES;
				GCC_C_LANGUAGE_STANDARD = gnu99;
				GCC_DYNAMIC_NO_PIC = NO;
				GCC_OPTIMIZATION_LEVEL = 0;
				GCC_PREPROCESSOR_DEFINITIONS = (
					"DEBUG=1",
					"$(inherited)",
				);
				GCC_SYMBOLS_PRIVATE_EXTERN = NO;
				GCC_WARN_64_TO_32_BIT_CONVERSION = YES;
				GCC_WARN_ABOUT_RETURN_TYPE = YES_ERROR;
				GCC_WARN_UNDECLARED_SELECTOR = YES;
				GCC_WARN_UNINITIALIZED_AUTOS = YES_AGGRESSIVE;
				GCC_WARN_UNUSED_FUNCTION = YES;
				GCC_WARN_UNUSED_VARIABLE = YES;
				IPHONEOS_DEPLOYMENT_TARGET = 8.1;
				MTL_ENABLE_DEBUG_INFO = YES;
				ONLY_ACTIVE_ARCH = YES;
				SDKROOT = iphoneos;
				SWIFT_OPTIMIZATION_LEVEL = "-Onone";
				TARGETED_DEVICE_FAMILY = "1,2";
			};
			name = Debug;
		};
		02BB54061A84782500B196A2 /* Release */ = {
			isa = XCBuildConfiguration;
			buildSettings = {
				ALWAYS_SEARCH_USER_PATHS = NO;
				CLANG_CXX_LANGUAGE_STANDARD = "gnu++0x";
				CLANG_CXX_LIBRARY = "libc++";
				CLANG_ENABLE_MODULES = YES;
				CLANG_ENABLE_OBJC_ARC = YES;
				CLANG_WARN_BOOL_CONVERSION = YES;
				CLANG_WARN_CONSTANT_CONVERSION = YES;
				CLANG_WARN_DIRECT_OBJC_ISA_USAGE = YES_ERROR;
				CLANG_WARN_EMPTY_BODY = YES;
				CLANG_WARN_ENUM_CONVERSION = YES;
				CLANG_WARN_INT_CONVERSION = YES;
				CLANG_WARN_OBJC_ROOT_CLASS = YES_ERROR;
				CLANG_WARN_UNREACHABLE_CODE = YES;
				CLANG_WARN__DUPLICATE_METHOD_MATCH = YES;
				"CODE_SIGN_IDENTITY[sdk=iphoneos*]" = "iPhone Developer";
				COPY_PHASE_STRIP = YES;
				ENABLE_NS_ASSERTIONS = NO;
				ENABLE_STRICT_OBJC_MSGSEND = YES;
				GCC_C_LANGUAGE_STANDARD = gnu99;
				GCC_WARN_64_TO_32_BIT_CONVERSION = YES;
				GCC_WARN_ABOUT_RETURN_TYPE = YES_ERROR;
				GCC_WARN_UNDECLARED_SELECTOR = YES;
				GCC_WARN_UNINITIALIZED_AUTOS = YES_AGGRESSIVE;
				GCC_WARN_UNUSED_FUNCTION = YES;
				GCC_WARN_UNUSED_VARIABLE = YES;
				IPHONEOS_DEPLOYMENT_TARGET = 8.1;
				MTL_ENABLE_DEBUG_INFO = NO;
				SDKROOT = iphoneos;
				TARGETED_DEVICE_FAMILY = "1,2";
				VALIDATE_PRODUCT = YES;
			};
			name = Release;
		};
		02BB54081A84782500B196A2 /* Debug */ = {
			isa = XCBuildConfiguration;
			buildSettings = {
				ASSETCATALOG_COMPILER_APPICON_NAME = AppIcon;
				INFOPLIST_FILE = "CAAnimation+Closures Demo/Info.plist";
				LD_RUNPATH_SEARCH_PATHS = "$(inherited) @executable_path/Frameworks";
				PRODUCT_NAME = "$(TARGET_NAME)";
			};
			name = Debug;
		};
		02BB54091A84782500B196A2 /* Release */ = {
			isa = XCBuildConfiguration;
			buildSettings = {
				ASSETCATALOG_COMPILER_APPICON_NAME = AppIcon;
				INFOPLIST_FILE = "CAAnimation+Closures Demo/Info.plist";
				LD_RUNPATH_SEARCH_PATHS = "$(inherited) @executable_path/Frameworks";
				PRODUCT_NAME = "$(TARGET_NAME)";
			};
			name = Release;
		};
		02BB540B1A84782500B196A2 /* Debug */ = {
			isa = XCBuildConfiguration;
			buildSettings = {
				BUNDLE_LOADER = "$(TEST_HOST)";
				FRAMEWORK_SEARCH_PATHS = (
					"$(SDKROOT)/Developer/Library/Frameworks",
					"$(inherited)",
				);
				GCC_PREPROCESSOR_DEFINITIONS = (
					"DEBUG=1",
					"$(inherited)",
				);
				INFOPLIST_FILE = "CAAnimation+Closures DemoTests/Info.plist";
				LD_RUNPATH_SEARCH_PATHS = "$(inherited) @executable_path/Frameworks @loader_path/Frameworks";
				PRODUCT_NAME = "$(TARGET_NAME)";
				TEST_HOST = "$(BUILT_PRODUCTS_DIR)/CAAnimation+Closures Demo.app/CAAnimation+Closures Demo";
			};
			name = Debug;
		};
		02BB540C1A84782500B196A2 /* Release */ = {
			isa = XCBuildConfiguration;
			buildSettings = {
				BUNDLE_LOADER = "$(TEST_HOST)";
				FRAMEWORK_SEARCH_PATHS = (
					"$(SDKROOT)/Developer/Library/Frameworks",
					"$(inherited)",
				);
				INFOPLIST_FILE = "CAAnimation+Closures DemoTests/Info.plist";
				LD_RUNPATH_SEARCH_PATHS = "$(inherited) @executable_path/Frameworks @loader_path/Frameworks";
				PRODUCT_NAME = "$(TARGET_NAME)";
				TEST_HOST = "$(BUILT_PRODUCTS_DIR)/CAAnimation+Closures Demo.app/CAAnimation+Closures Demo";
			};
			name = Release;
		};
/* End XCBuildConfiguration section */

/* Begin XCConfigurationList section */
		02BB53E31A84782500B196A2 /* Build configuration list for PBXProject "CAAnimation+Closures Demo" */ = {
			isa = XCConfigurationList;
			buildConfigurations = (
				02BB54051A84782500B196A2 /* Debug */,
				02BB54061A84782500B196A2 /* Release */,
			);
			defaultConfigurationIsVisible = 0;
			defaultConfigurationName = Release;
		};
		02BB54071A84782500B196A2 /* Build configuration list for PBXNativeTarget "CAAnimation+Closures Demo" */ = {
			isa = XCConfigurationList;
			buildConfigurations = (
				02BB54081A84782500B196A2 /* Debug */,
				02BB54091A84782500B196A2 /* Release */,
			);
			defaultConfigurationIsVisible = 0;
			defaultConfigurationName = Release;
		};
		02BB540A1A84782500B196A2 /* Build configuration list for PBXNativeTarget "CAAnimation+Closures DemoTests" */ = {
			isa = XCConfigurationList;
			buildConfigurations = (
				02BB540B1A84782500B196A2 /* Debug */,
				02BB540C1A84782500B196A2 /* Release */,
			);
			defaultConfigurationIsVisible = 0;
			defaultConfigurationName = Release;
		};
/* End XCConfigurationList section */
	};
	rootObject = 02BB53E01A84782500B196A2 /* Project object */;
}
